// !$*UTF8*$!
{
	archiveVersion = 1;
	classes = {
	};
	objectVersion = 50;
	objects = {

/* Begin PBXBuildFile section */
		487EAF6D208350AF00A2D55B /* RoundButton.swift in Sources */ = {isa = PBXBuildFile; fileRef = 487EAF6C208350AF00A2D55B /* RoundButton.swift */; };
		487EAF74208356B400A2D55B /* PeriodicTableController.swift in Sources */ = {isa = PBXBuildFile; fileRef = 487EAF73208356B400A2D55B /* PeriodicTableController.swift */; };
		487EAF792083583600A2D55B /* Tester.swift in Sources */ = {isa = PBXBuildFile; fileRef = 487EAF762083583600A2D55B /* Tester.swift */; };
		487EAF7A2083583600A2D55B /* __initi__.swift in Sources */ = {isa = PBXBuildFile; fileRef = 487EAF772083583600A2D55B /* __initi__.swift */; };
		487EAF7B2083583600A2D55B /* data_loader.swift in Sources */ = {isa = PBXBuildFile; fileRef = 487EAF782083583600A2D55B /* data_loader.swift */; };
		487EAF812083586C00A2D55B /* HHIs.txt in Resources */ = {isa = PBXBuildFile; fileRef = 487EAF7D2083586B00A2D55B /* HHIs.txt */; };
		487EAF822083586C00A2D55B /* element_data.txt in Resources */ = {isa = PBXBuildFile; fileRef = 487EAF7E2083586B00A2D55B /* element_data.txt */; };
		487EAF832083586C00A2D55B /* oxidation_states.txt in Resources */ = {isa = PBXBuildFile; fileRef = 487EAF7F2083586C00A2D55B /* oxidation_states.txt */; };
		487EAF842083586C00A2D55B /* SSE.csv in Resources */ = {isa = PBXBuildFile; fileRef = 487EAF802083586C00A2D55B /* SSE.csv */; };
		488E65C3208363ED00AF1E1F /* CrystalOptionsController.swift in Sources */ = {isa = PBXBuildFile; fileRef = 488E65C2208363ED00AF1E1F /* CrystalOptionsController.swift */; };
		48CB9EA72082BC1300443AAD /* AppDelegate.swift in Sources */ = {isa = PBXBuildFile; fileRef = 48CB9EA62082BC1300443AAD /* AppDelegate.swift */; };
		48CB9EAC2082BC1300443AAD /* Main.storyboard in Resources */ = {isa = PBXBuildFile; fileRef = 48CB9EAA2082BC1300443AAD /* Main.storyboard */; };
		48CB9EAE2082BC1400443AAD /* Assets.xcassets in Resources */ = {isa = PBXBuildFile; fileRef = 48CB9EAD2082BC1400443AAD /* Assets.xcassets */; };
		48CB9EB12082BC1400443AAD /* LaunchScreen.storyboard in Resources */ = {isa = PBXBuildFile; fileRef = 48CB9EAF2082BC1400443AAD /* LaunchScreen.storyboard */; };
		E455706220D0267000FF91C4 /* Click_X_fig_2.png in Resources */ = {isa = PBXBuildFile; fileRef = E455706020D0266F00FF91C4 /* Click_X_fig_2.png */; };
		E455706320D0267000FF91C4 /* Click_X_fig_1.png in Resources */ = {isa = PBXBuildFile; fileRef = E455706120D0266F00FF91C4 /* Click_X_fig_1.png */; };
		E4B728F920867C8300DB51FE /* RoundLabel.swift in Sources */ = {isa = PBXBuildFile; fileRef = E4B728F820867C8300DB51FE /* RoundLabel.swift */; };
		E4B729032091D43500DB51FE /* CrystalInfoViewController.swift in Sources */ = {isa = PBXBuildFile; fileRef = E4B729022091D43500DB51FE /* CrystalInfoViewController.swift */; };
		E4B7290B20920F8800DB51FE /* Robot.png in Resources */ = {isa = PBXBuildFile; fileRef = E4B7290A20920F8800DB51FE /* Robot.png */; };
		E4B7290E2092103500DB51FE /* combinations_graph_log_scale_preview.png in Resources */ = {isa = PBXBuildFile; fileRef = E4B7290D2092103500DB51FE /* combinations_graph_log_scale_preview.png */; };
		E4B729102092114B00DB51FE /* Perovskite example.png in Resources */ = {isa = PBXBuildFile; fileRef = E4B7290F2092114B00DB51FE /* Perovskite example.png */; };
		E4B7291620921E5E00DB51FE /* PerovskiteViewController.swift in Sources */ = {isa = PBXBuildFile; fileRef = E4B7291520921E5E00DB51FE /* PerovskiteViewController.swift */; };
		E4B729192092301000DB51FE /* speech_bubble1.png in Resources */ = {isa = PBXBuildFile; fileRef = E4B729182092301000DB51FE /* speech_bubble1.png */; };
		E4B7292120CFC33400DB51FE /* IntroPageViewController.swift in Sources */ = {isa = PBXBuildFile; fileRef = E4B7292020CFC33400DB51FE /* IntroPageViewController.swift */; };
		E4B7292320CFC40700DB51FE /* MaterialsMapViewController.swift in Sources */ = {isa = PBXBuildFile; fileRef = E4B7292220CFC40700DB51FE /* MaterialsMapViewController.swift */; };
/* End PBXBuildFile section */

/* Begin PBXFileReference section */
		487EAF6C208350AF00A2D55B /* RoundButton.swift */ = {isa = PBXFileReference; lastKnownFileType = sourcecode.swift; path = RoundButton.swift; sourceTree = "<group>"; };
		487EAF73208356B400A2D55B /* PeriodicTableController.swift */ = {isa = PBXFileReference; lastKnownFileType = sourcecode.swift; path = PeriodicTableController.swift; sourceTree = "<group>"; };
		487EAF762083583600A2D55B /* Tester.swift */ = {isa = PBXFileReference; fileEncoding = 4; lastKnownFileType = sourcecode.swift; path = Tester.swift; sourceTree = "<group>"; };
		487EAF772083583600A2D55B /* __initi__.swift */ = {isa = PBXFileReference; fileEncoding = 4; lastKnownFileType = sourcecode.swift; path = __initi__.swift; sourceTree = "<group>"; };
		487EAF782083583600A2D55B /* data_loader.swift */ = {isa = PBXFileReference; fileEncoding = 4; lastKnownFileType = sourcecode.swift; path = data_loader.swift; sourceTree = "<group>"; };
		487EAF7D2083586B00A2D55B /* HHIs.txt */ = {isa = PBXFileReference; fileEncoding = 4; lastKnownFileType = text; path = HHIs.txt; sourceTree = "<group>"; };
		487EAF7E2083586B00A2D55B /* element_data.txt */ = {isa = PBXFileReference; fileEncoding = 4; lastKnownFileType = text; path = element_data.txt; sourceTree = "<group>"; };
		487EAF7F2083586C00A2D55B /* oxidation_states.txt */ = {isa = PBXFileReference; fileEncoding = 4; lastKnownFileType = text; path = oxidation_states.txt; sourceTree = "<group>"; };
		487EAF802083586C00A2D55B /* SSE.csv */ = {isa = PBXFileReference; fileEncoding = 4; lastKnownFileType = text; path = SSE.csv; sourceTree = "<group>"; };
		488E65C2208363ED00AF1E1F /* CrystalOptionsController.swift */ = {isa = PBXFileReference; lastKnownFileType = sourcecode.swift; path = CrystalOptionsController.swift; sourceTree = "<group>"; };
		48CB9EA32082BC1300443AAD /* ChemestyApp.app */ = {isa = PBXFileReference; explicitFileType = wrapper.application; includeInIndex = 0; path = ChemestyApp.app; sourceTree = BUILT_PRODUCTS_DIR; };
		48CB9EA62082BC1300443AAD /* AppDelegate.swift */ = {isa = PBXFileReference; lastKnownFileType = sourcecode.swift; path = AppDelegate.swift; sourceTree = "<group>"; };
		48CB9EAB2082BC1300443AAD /* Base */ = {isa = PBXFileReference; lastKnownFileType = file.storyboard; name = Base; path = Base.lproj/Main.storyboard; sourceTree = "<group>"; };
		48CB9EAD2082BC1400443AAD /* Assets.xcassets */ = {isa = PBXFileReference; lastKnownFileType = folder.assetcatalog; path = Assets.xcassets; sourceTree = "<group>"; };
		48CB9EB02082BC1400443AAD /* Base */ = {isa = PBXFileReference; lastKnownFileType = file.storyboard; name = Base; path = Base.lproj/LaunchScreen.storyboard; sourceTree = "<group>"; };
		48CB9EB22082BC1400443AAD /* Info.plist */ = {isa = PBXFileReference; lastKnownFileType = text.plist.xml; path = Info.plist; sourceTree = "<group>"; };
		E455706020D0266F00FF91C4 /* Click_X_fig_2.png */ = {isa = PBXFileReference; lastKnownFileType = image.png; name = Click_X_fig_2.png; path = ChemestyApp/Images/Click_X_fig_2.png; sourceTree = SOURCE_ROOT; };
		E455706120D0266F00FF91C4 /* Click_X_fig_1.png */ = {isa = PBXFileReference; lastKnownFileType = image.png; name = Click_X_fig_1.png; path = ChemestyApp/Images/Click_X_fig_1.png; sourceTree = SOURCE_ROOT; };
		E4B728F820867C8300DB51FE /* RoundLabel.swift */ = {isa = PBXFileReference; lastKnownFileType = sourcecode.swift; path = RoundLabel.swift; sourceTree = "<group>"; };
		E4B729022091D43500DB51FE /* CrystalInfoViewController.swift */ = {isa = PBXFileReference; lastKnownFileType = sourcecode.swift; path = CrystalInfoViewController.swift; sourceTree = "<group>"; };
		E4B7290A20920F8800DB51FE /* Robot.png */ = {isa = PBXFileReference; lastKnownFileType = image.png; path = Robot.png; sourceTree = "<group>"; };
		E4B7290C20920F8B00DB51FE /* SpeechBubble.png */ = {isa = PBXFileReference; lastKnownFileType = image.png; path = SpeechBubble.png; sourceTree = "<group>"; };
		E4B7290D2092103500DB51FE /* combinations_graph_log_scale_preview.png */ = {isa = PBXFileReference; lastKnownFileType = image.png; path = combinations_graph_log_scale_preview.png; sourceTree = "<group>"; };
		E4B7290F2092114B00DB51FE /* Perovskite example.png */ = {isa = PBXFileReference; lastKnownFileType = image.png; path = "Perovskite example.png"; sourceTree = "<group>"; };
		E4B7291520921E5E00DB51FE /* PerovskiteViewController.swift */ = {isa = PBXFileReference; lastKnownFileType = sourcecode.swift; path = PerovskiteViewController.swift; sourceTree = "<group>"; };
		E4B729182092301000DB51FE /* speech_bubble1.png */ = {isa = PBXFileReference; lastKnownFileType = image.png; path = speech_bubble1.png; sourceTree = SOURCE_ROOT; };
		E4B7292020CFC33400DB51FE /* IntroPageViewController.swift */ = {isa = PBXFileReference; lastKnownFileType = sourcecode.swift; path = IntroPageViewController.swift; sourceTree = "<group>"; };
		E4B7292220CFC40700DB51FE /* MaterialsMapViewController.swift */ = {isa = PBXFileReference; lastKnownFileType = sourcecode.swift; path = MaterialsMapViewController.swift; sourceTree = "<group>"; };
/* End PBXFileReference section */

/* Begin PBXFrameworksBuildPhase section */
		48CB9EA02082BC1300443AAD /* Frameworks */ = {
			isa = PBXFrameworksBuildPhase;
			buildActionMask = 2147483647;
			files = (
			);
			runOnlyForDeploymentPostprocessing = 0;
		};
/* End PBXFrameworksBuildPhase section */

/* Begin PBXGroup section */
		487EAF6B2083509B00A2D55B /* Stylers */ = {
			isa = PBXGroup;
			children = (
				487EAF6C208350AF00A2D55B /* RoundButton.swift */,
				E4B728F820867C8300DB51FE /* RoundLabel.swift */,
			);
			path = Stylers;
			sourceTree = "<group>";
		};
		487EAF702083524300A2D55B /* Controllers */ = {
			isa = PBXGroup;
			children = (
				E4B7292020CFC33400DB51FE /* IntroPageViewController.swift */,
				E4B7292220CFC40700DB51FE /* MaterialsMapViewController.swift */,
				E4B7291520921E5E00DB51FE /* PerovskiteViewController.swift */,
				487EAF73208356B400A2D55B /* PeriodicTableController.swift */,
				488E65C2208363ED00AF1E1F /* CrystalOptionsController.swift */,
				E4B729022091D43500DB51FE /* CrystalInfoViewController.swift */,
			);
			path = Controllers;
			sourceTree = "<group>";
		};
		487EAF75208357E900A2D55B /* Helpers */ = {
			isa = PBXGroup;
			children = (
				487EAF772083583600A2D55B /* __initi__.swift */,
				487EAF782083583600A2D55B /* data_loader.swift */,
				487EAF762083583600A2D55B /* Tester.swift */,
			);
			path = Helpers;
			sourceTree = "<group>";
		};
		487EAF7C2083584300A2D55B /* Data_Store */ = {
			isa = PBXGroup;
			children = (
				487EAF7E2083586B00A2D55B /* element_data.txt */,
				487EAF7D2083586B00A2D55B /* HHIs.txt */,
				487EAF7F2083586C00A2D55B /* oxidation_states.txt */,
				487EAF802083586C00A2D55B /* SSE.csv */,
			);
			path = Data_Store;
			sourceTree = "<group>";
		};
		48CB9E9A2082BC1300443AAD = {
			isa = PBXGroup;
			children = (
				E4B7291720922FF100DB51FE /* Images */,
				48CB9EA52082BC1300443AAD /* ChemestyApp */,
				48CB9EA42082BC1300443AAD /* Products */,
			);
			sourceTree = "<group>";
		};
		48CB9EA42082BC1300443AAD /* Products */ = {
			isa = PBXGroup;
			children = (
				48CB9EA32082BC1300443AAD /* ChemestyApp.app */,
			);
			name = Products;
			sourceTree = "<group>";
		};
		48CB9EA52082BC1300443AAD /* ChemestyApp */ = {
			isa = PBXGroup;
			children = (
				487EAF7C2083584300A2D55B /* Data_Store */,
				487EAF75208357E900A2D55B /* Helpers */,
				487EAF702083524300A2D55B /* Controllers */,
				487EAF6B2083509B00A2D55B /* Stylers */,
				48CB9EA62082BC1300443AAD /* AppDelegate.swift */,
				48CB9EAA2082BC1300443AAD /* Main.storyboard */,
				48CB9EAD2082BC1400443AAD /* Assets.xcassets */,
				48CB9EAF2082BC1400443AAD /* LaunchScreen.storyboard */,
				48CB9EB22082BC1400443AAD /* Info.plist */,
			);
			path = ChemestyApp;
			sourceTree = "<group>";
		};
		E4B7291720922FF100DB51FE /* Images */ = {
			isa = PBXGroup;
			children = (
				E455706120D0266F00FF91C4 /* Click_X_fig_1.png */,
				E455706020D0266F00FF91C4 /* Click_X_fig_2.png */,
				E4B729182092301000DB51FE /* speech_bubble1.png */,
				E4B7290F2092114B00DB51FE /* Perovskite example.png */,
				E4B7290D2092103500DB51FE /* combinations_graph_log_scale_preview.png */,
				E4B7290A20920F8800DB51FE /* Robot.png */,
				E4B7290C20920F8B00DB51FE /* SpeechBubble.png */,
			);
			path = Images;
			sourceTree = "<group>";
		};
/* End PBXGroup section */

/* Begin PBXNativeTarget section */
		48CB9EA22082BC1300443AAD /* ChemestyApp */ = {
			isa = PBXNativeTarget;
			buildConfigurationList = 48CB9EB52082BC1400443AAD /* Build configuration list for PBXNativeTarget "ChemestyApp" */;
			buildPhases = (
				48CB9E9F2082BC1300443AAD /* Sources */,
				48CB9EA02082BC1300443AAD /* Frameworks */,
				48CB9EA12082BC1300443AAD /* Resources */,
			);
			buildRules = (
			);
			dependencies = (
			);
			name = ChemestyApp;
			productName = ChemestyApp;
			productReference = 48CB9EA32082BC1300443AAD /* ChemestyApp.app */;
			productType = "com.apple.product-type.application";
		};
/* End PBXNativeTarget section */

/* Begin PBXProject section */
		48CB9E9B2082BC1300443AAD /* Project object */ = {
			isa = PBXProject;
			attributes = {
				LastSwiftUpdateCheck = 0930;
				LastUpgradeCheck = 0930;
				ORGANIZATIONNAME = "Edward Attard Montalto";
				TargetAttributes = {
					48CB9EA22082BC1300443AAD = {
						CreatedOnToolsVersion = 9.3;
					};
				};
			};
			buildConfigurationList = 48CB9E9E2082BC1300443AAD /* Build configuration list for PBXProject "ChemestyApp" */;
			compatibilityVersion = "Xcode 9.3";
			developmentRegion = en;
			hasScannedForEncodings = 0;
			knownRegions = (
				en,
				Base,
			);
			mainGroup = 48CB9E9A2082BC1300443AAD;
			productRefGroup = 48CB9EA42082BC1300443AAD /* Products */;
			projectDirPath = "";
			projectRoot = "";
			targets = (
				48CB9EA22082BC1300443AAD /* ChemestyApp */,
			);
		};
/* End PBXProject section */

/* Begin PBXResourcesBuildPhase section */
		48CB9EA12082BC1300443AAD /* Resources */ = {
			isa = PBXResourcesBuildPhase;
			buildActionMask = 2147483647;
			files = (
				E4B7290B20920F8800DB51FE /* Robot.png in Resources */,
				E4B729192092301000DB51FE /* speech_bubble1.png in Resources */,
				48CB9EB12082BC1400443AAD /* LaunchScreen.storyboard in Resources */,
				E455706220D0267000FF91C4 /* Click_X_fig_2.png in Resources */,
				48CB9EAE2082BC1400443AAD /* Assets.xcassets in Resources */,
				E455706320D0267000FF91C4 /* Click_X_fig_1.png in Resources */,
				E4B7290E2092103500DB51FE /* combinations_graph_log_scale_preview.png in Resources */,
				487EAF832083586C00A2D55B /* oxidation_states.txt in Resources */,
				487EAF842083586C00A2D55B /* SSE.csv in Resources */,
				487EAF812083586C00A2D55B /* HHIs.txt in Resources */,
				487EAF822083586C00A2D55B /* element_data.txt in Resources */,
				48CB9EAC2082BC1300443AAD /* Main.storyboard in Resources */,
				E4B729102092114B00DB51FE /* Perovskite example.png in Resources */,
			);
			runOnlyForDeploymentPostprocessing = 0;
		};
/* End PBXResourcesBuildPhase section */

/* Begin PBXSourcesBuildPhase section */
		48CB9E9F2082BC1300443AAD /* Sources */ = {
			isa = PBXSourcesBuildPhase;
			buildActionMask = 2147483647;
			files = (
				E4B7292120CFC33400DB51FE /* IntroPageViewController.swift in Sources */,
				487EAF6D208350AF00A2D55B /* RoundButton.swift in Sources */,
				E4B728F920867C8300DB51FE /* RoundLabel.swift in Sources */,
				487EAF792083583600A2D55B /* Tester.swift in Sources */,
				487EAF7B2083583600A2D55B /* data_loader.swift in Sources */,
				488E65C3208363ED00AF1E1F /* CrystalOptionsController.swift in Sources */,
				E4B729032091D43500DB51FE /* CrystalInfoViewController.swift in Sources */,
				48CB9EA72082BC1300443AAD /* AppDelegate.swift in Sources */,
				E4B7292320CFC40700DB51FE /* MaterialsMapViewController.swift in Sources */,
				487EAF74208356B400A2D55B /* PeriodicTableController.swift in Sources */,
				E4B7291620921E5E00DB51FE /* PerovskiteViewController.swift in Sources */,
				487EAF7A2083583600A2D55B /* __initi__.swift in Sources */,
			);
			runOnlyForDeploymentPostprocessing = 0;
		};
/* End PBXSourcesBuildPhase section */

/* Begin PBXVariantGroup section */
		48CB9EAA2082BC1300443AAD /* Main.storyboard */ = {
			isa = PBXVariantGroup;
			children = (
				48CB9EAB2082BC1300443AAD /* Base */,
			);
			name = Main.storyboard;
			sourceTree = "<group>";
		};
		48CB9EAF2082BC1400443AAD /* LaunchScreen.storyboard */ = {
			isa = PBXVariantGroup;
			children = (
				48CB9EB02082BC1400443AAD /* Base */,
			);
			name = LaunchScreen.storyboard;
			sourceTree = "<group>";
		};
/* End PBXVariantGroup section */

/* Begin XCBuildConfiguration section */
		48CB9EB32082BC1400443AAD /* Debug */ = {
			isa = XCBuildConfiguration;
			buildSettings = {
				ALWAYS_SEARCH_USER_PATHS = NO;
				CLANG_ANALYZER_NONNULL = YES;
				CLANG_ANALYZER_NUMBER_OBJECT_CONVERSION = YES_AGGRESSIVE;
				CLANG_CXX_LANGUAGE_STANDARD = "gnu++14";
				CLANG_CXX_LIBRARY = "libc++";
				CLANG_ENABLE_MODULES = YES;
				CLANG_ENABLE_OBJC_ARC = YES;
				CLANG_ENABLE_OBJC_WEAK = YES;
				CLANG_WARN_BLOCK_CAPTURE_AUTORELEASING = YES;
				CLANG_WARN_BOOL_CONVERSION = YES;
				CLANG_WARN_COMMA = YES;
				CLANG_WARN_CONSTANT_CONVERSION = YES;
				CLANG_WARN_DEPRECATED_OBJC_IMPLEMENTATIONS = YES;
				CLANG_WARN_DIRECT_OBJC_ISA_USAGE = YES_ERROR;
				CLANG_WARN_DOCUMENTATION_COMMENTS = YES;
				CLANG_WARN_EMPTY_BODY = YES;
				CLANG_WARN_ENUM_CONVERSION = YES;
				CLANG_WARN_INFINITE_RECURSION = YES;
				CLANG_WARN_INT_CONVERSION = YES;
				CLANG_WARN_NON_LITERAL_NULL_CONVERSION = YES;
				CLANG_WARN_OBJC_IMPLICIT_RETAIN_SELF = YES;
				CLANG_WARN_OBJC_LITERAL_CONVERSION = YES;
				CLANG_WARN_OBJC_ROOT_CLASS = YES_ERROR;
				CLANG_WARN_RANGE_LOOP_ANALYSIS = YES;
				CLANG_WARN_STRICT_PROTOTYPES = YES;
				CLANG_WARN_SUSPICIOUS_MOVE = YES;
				CLANG_WARN_UNGUARDED_AVAILABILITY = YES_AGGRESSIVE;
				CLANG_WARN_UNREACHABLE_CODE = YES;
				CLANG_WARN__DUPLICATE_METHOD_MATCH = YES;
				CODE_SIGN_IDENTITY = "iPhone Developer";
				COPY_PHASE_STRIP = NO;
				DEBUG_INFORMATION_FORMAT = dwarf;
				ENABLE_STRICT_OBJC_MSGSEND = YES;
				ENABLE_TESTABILITY = YES;
				GCC_C_LANGUAGE_STANDARD = gnu11;
				GCC_DYNAMIC_NO_PIC = NO;
				GCC_NO_COMMON_BLOCKS = YES;
				GCC_OPTIMIZATION_LEVEL = 0;
				GCC_PREPROCESSOR_DEFINITIONS = (
					"DEBUG=1",
					"$(inherited)",
				);
				GCC_WARN_64_TO_32_BIT_CONVERSION = YES;
				GCC_WARN_ABOUT_RETURN_TYPE = YES_ERROR;
				GCC_WARN_UNDECLARED_SELECTOR = YES;
				GCC_WARN_UNINITIALIZED_AUTOS = YES_AGGRESSIVE;
				GCC_WARN_UNUSED_FUNCTION = YES;
				GCC_WARN_UNUSED_VARIABLE = YES;
				IPHONEOS_DEPLOYMENT_TARGET = 11.3;
				MTL_ENABLE_DEBUG_INFO = YES;
				ONLY_ACTIVE_ARCH = YES;
				SDKROOT = iphoneos;
				SWIFT_ACTIVE_COMPILATION_CONDITIONS = DEBUG;
				SWIFT_OPTIMIZATION_LEVEL = "-Onone";
			};
			name = Debug;
		};
		48CB9EB42082BC1400443AAD /* Release */ = {
			isa = XCBuildConfiguration;
			buildSettings = {
				ALWAYS_SEARCH_USER_PATHS = NO;
				CLANG_ANALYZER_NONNULL = YES;
				CLANG_ANALYZER_NUMBER_OBJECT_CONVERSION = YES_AGGRESSIVE;
				CLANG_CXX_LANGUAGE_STANDARD = "gnu++14";
				CLANG_CXX_LIBRARY = "libc++";
				CLANG_ENABLE_MODULES = YES;
				CLANG_ENABLE_OBJC_ARC = YES;
				CLANG_ENABLE_OBJC_WEAK = YES;
				CLANG_WARN_BLOCK_CAPTURE_AUTORELEASING = YES;
				CLANG_WARN_BOOL_CONVERSION = YES;
				CLANG_WARN_COMMA = YES;
				CLANG_WARN_CONSTANT_CONVERSION = YES;
				CLANG_WARN_DEPRECATED_OBJC_IMPLEMENTATIONS = YES;
				CLANG_WARN_DIRECT_OBJC_ISA_USAGE = YES_ERROR;
				CLANG_WARN_DOCUMENTATION_COMMENTS = YES;
				CLANG_WARN_EMPTY_BODY = YES;
				CLANG_WARN_ENUM_CONVERSION = YES;
				CLANG_WARN_INFINITE_RECURSION = YES;
				CLANG_WARN_INT_CONVERSION = YES;
				CLANG_WARN_NON_LITERAL_NULL_CONVERSION = YES;
				CLANG_WARN_OBJC_IMPLICIT_RETAIN_SELF = YES;
				CLANG_WARN_OBJC_LITERAL_CONVERSION = YES;
				CLANG_WARN_OBJC_ROOT_CLASS = YES_ERROR;
				CLANG_WARN_RANGE_LOOP_ANALYSIS = YES;
				CLANG_WARN_STRICT_PROTOTYPES = YES;
				CLANG_WARN_SUSPICIOUS_MOVE = YES;
				CLANG_WARN_UNGUARDED_AVAILABILITY = YES_AGGRESSIVE;
				CLANG_WARN_UNREACHABLE_CODE = YES;
				CLANG_WARN__DUPLICATE_METHOD_MATCH = YES;
				CODE_SIGN_IDENTITY = "iPhone Developer";
				COPY_PHASE_STRIP = NO;
				DEBUG_INFORMATION_FORMAT = "dwarf-with-dsym";
				ENABLE_NS_ASSERTIONS = NO;
				ENABLE_STRICT_OBJC_MSGSEND = YES;
				GCC_C_LANGUAGE_STANDARD = gnu11;
				GCC_NO_COMMON_BLOCKS = YES;
				GCC_WARN_64_TO_32_BIT_CONVERSION = YES;
				GCC_WARN_ABOUT_RETURN_TYPE = YES_ERROR;
				GCC_WARN_UNDECLARED_SELECTOR = YES;
				GCC_WARN_UNINITIALIZED_AUTOS = YES_AGGRESSIVE;
				GCC_WARN_UNUSED_FUNCTION = YES;
				GCC_WARN_UNUSED_VARIABLE = YES;
				IPHONEOS_DEPLOYMENT_TARGET = 11.3;
				MTL_ENABLE_DEBUG_INFO = NO;
				SDKROOT = iphoneos;
				SWIFT_COMPILATION_MODE = wholemodule;
				SWIFT_OPTIMIZATION_LEVEL = "-O";
				VALIDATE_PRODUCT = YES;
			};
			name = Release;
		};
		48CB9EB62082BC1400443AAD /* Debug */ = {
			isa = XCBuildConfiguration;
			buildSettings = {
				ASSETCATALOG_COMPILER_APPICON_NAME = AppIcon;
				CODE_SIGN_STYLE = Automatic;
				DEVELOPMENT_TEAM = L7U8Q2FGL5;
				INFOPLIST_FILE = ChemestyApp/Info.plist;
				LD_RUNPATH_SEARCH_PATHS = (
					"$(inherited)",
					"@executable_path/Frameworks",
				);
				PRODUCT_BUNDLE_IDENTIFIER = com.Edward.ChemestyApp;
				PRODUCT_NAME = "$(TARGET_NAME)";
				SWIFT_VERSION = 4.0;
				TARGETED_DEVICE_FAMILY = "1,2";
			};
			name = Debug;
		};
		48CB9EB72082BC1400443AAD /* Release */ = {
			isa = XCBuildConfiguration;
			buildSettings = {
				ASSETCATALOG_COMPILER_APPICON_NAME = AppIcon;
				CODE_SIGN_STYLE = Automatic;
				DEVELOPMENT_TEAM = L7U8Q2FGL5;
				INFOPLIST_FILE = ChemestyApp/Info.plist;
				LD_RUNPATH_SEARCH_PATHS = (
					"$(inherited)",
					"@executable_path/Frameworks",
				);
				PRODUCT_BUNDLE_IDENTIFIER = com.Edward.ChemestyApp;
				PRODUCT_NAME = "$(TARGET_NAME)";
				SWIFT_VERSION = 4.0;
				TARGETED_DEVICE_FAMILY = "1,2";
			};
			name = Release;
		};
/* End XCBuildConfiguration section */

/* Begin XCConfigurationList section */
		48CB9E9E2082BC1300443AAD /* Build configuration list for PBXProject "ChemestyApp" */ = {
			isa = XCConfigurationList;
			buildConfigurations = (
				48CB9EB32082BC1400443AAD /* Debug */,
				48CB9EB42082BC1400443AAD /* Release */,
			);
			defaultConfigurationIsVisible = 0;
			defaultConfigurationName = Release;
		};
		48CB9EB52082BC1400443AAD /* Build configuration list for PBXNativeTarget "ChemestyApp" */ = {
			isa = XCConfigurationList;
			buildConfigurations = (
				48CB9EB62082BC1400443AAD /* Debug */,
				48CB9EB72082BC1400443AAD /* Release */,
			);
			defaultConfigurationIsVisible = 0;
			defaultConfigurationName = Release;
		};
/* End XCConfigurationList section */
	};
	rootObject = 48CB9E9B2082BC1300443AAD /* Project object */;
}
